
Microsoft Visual Studio Solution File, Format Version 12.00
Project("{FAE04EC0-301F-11D3-BF4B-00C04F79EFBC}") = "AdoSamples.ConsoleUI", "AdoSamples.ConsoleUI\AdoSamples.ConsoleUI.csproj", "{779C56CD-1605-4CF1-A9FF-ED0AAFCDE7E5}"
EndProject
Project("{FAE04EC0-301F-11D3-BF4B-00C04F79EFBC}") = "BookProject", "BookProject\BookProject.csproj", "{63F09CBE-924B-4E52-93BD-130088BABC33}"
EndProject
Global
	GlobalSection(SolutionConfigurationPlatforms) = preSolution
		Debug|Any CPU = Debug|Any CPU
		Release|Any CPU = Release|Any CPU
	EndGlobalSection
	GlobalSection(ProjectConfigurationPlatforms) = postSolution
		{779C56CD-1605-4CF1-A9FF-ED0AAFCDE7E5}.Debug|Any CPU.ActiveCfg = Debug|Any CPU
		{779C56CD-1605-4CF1-A9FF-ED0AAFCDE7E5}.Debug|Any CPU.Build.0 = Debug|Any CPU
		{779C56CD-1605-4CF1-A9FF-ED0AAFCDE7E5}.Release|Any CPU.ActiveCfg = Release|Any CPU
		{779C56CD-1605-4CF1-A9FF-ED0AAFCDE7E5}.Release|Any CPU.Build.0 = Release|Any CPU
		{63F09CBE-924B-4E52-93BD-130088BABC33}.Debug|Any CPU.ActiveCfg = Debug|Any CPU
		{63F09CBE-924B-4E52-93BD-130088BABC33}.Debug|Any CPU.Build.0 = Debug|Any CPU
		{63F09CBE-924B-4E52-93BD-130088BABC33}.Release|Any CPU.ActiveCfg = Release|Any CPU
		{63F09CBE-924B-4E52-93BD-130088BABC33}.Release|Any CPU.Build.0 = Release|Any CPU
	EndGlobalSection
EndGlobal
